{
    "name": "local-copy-extension",
    "version": "0.0.4",
    "lockfileVersion": 3,
    "requires": true,
    "packages": {
        "": {
            "name": "local-copy-extension",
            "version": "0.0.4",
            "engines": {
                "vscode": "^1.50.0"
            }
        }
    }
}
